
Microsoft Visual Studio Solution File, Format Version 12.00
# Visual Studio Version 16
VisualStudioVersion = 16.0.29519.181
MinimumVisualStudioVersion = 10.0.40219.1
Project("{FAE04EC0-301F-11D3-BF4B-00C04F79EFBC}") = "events-groupe4", "events-groupe4\events-groupe4.csproj", "{7064FF39-8708-4FB0-A0E3-0482E2D81EC3}"
EndProject
Global
	GlobalSection(SolutionConfigurationPlatforms) = preSolution
		Debug|Any CPU = Debug|Any CPU
		Release|Any CPU = Release|Any CPU
	EndGlobalSection
	GlobalSection(ProjectConfigurationPlatforms) = postSolution
		{7064FF39-8708-4FB0-A0E3-0482E2D81EC3}.Debug|Any CPU.ActiveCfg = Debug|Any CPU
		{7064FF39-8708-4FB0-A0E3-0482E2D81EC3}.Debug|Any CPU.Build.0 = Debug|Any CPU
		{7064FF39-8708-4FB0-A0E3-0482E2D81EC3}.Release|Any CPU.ActiveCfg = Release|Any CPU
		{7064FF39-8708-4FB0-A0E3-0482E2D81EC3}.Release|Any CPU.Build.0 = Release|Any CPU
	EndGlobalSection
	GlobalSection(SolutionProperties) = preSolution
		HideSolutionNode = FALSE
	EndGlobalSection
	GlobalSection(ExtensibilityGlobals) = postSolution
		SolutionGuid = {31A91D6D-35D6-4DA1-92D8-9CAE88B9C90D}
	EndGlobalSection
EndGlobal
